{
    "name": "normalize-eol-webpack-plugin",
    "version": "1.2.1",
    "lockfileVersion": 1,
    "requires": true,
    "dependencies": {
        "@types/node": {
            "version": "10.3.0",
            "resolved": "https://registry.npmjs.org/@types/node/-/node-10.3.0.tgz",
            "integrity": "sha512-hWzNviaVFIr1TqcRA8ou49JaSHp+Rfabmnqg2kNvusKqLhPU0rIsGPUj5WJJ7ld4Bb7qdgLmIhLfCD1qS08IVA==",
            "dev": true
        },
        "@types/source-list-map": {
            "version": "0.1.2",
            "resolved": "https://registry.npmjs.org/@types/source-list-map/-/source-list-map-0.1.2.tgz",
            "integrity": "sha512-K5K+yml8LTo9bWJI/rECfIPrGgxdpeNbj+d53lwN4QjW1MCwlkhUms+gtdzigTeUyBr09+u8BwOIY3MXvHdcsA==",
            "dev": true
        },
        "@types/tapable": {
            "version": "1.0.2",
            "resolved": "https://registry.npmjs.org/@types/tapable/-/tapable-1.0.2.tgz",
            "integrity": "sha512-42zEJkBpNfMEAvWR5WlwtTH22oDzcMjFsL9gDGExwF8X8WvAiw7Vwop7hPw03QT8TKfec83LwbHj6SvpqM4ELQ==",
            "dev": true
        },
        "@types/uglify-js": {
            "version": "3.0.2",
            "resolved": "https://registry.npmjs.org/@types/uglify-js/-/uglify-js-3.0.2.tgz",
            "integrity": "sha512-o8hU2+4xsyGC27Vujoklvxl88Ew5zmJuTBYMX1Uro2rYUt4HEFJKL6fuq8aGykvS+ssIsIzerWWP2DRxonownQ==",
            "dev": true,
            "requires": {
                "source-map": "0.6.1"
            }
        },
        "@types/webpack": {
            "version": "4.4.0",
            "resolved": "https://registry.npmjs.org/@types/webpack/-/webpack-4.4.0.tgz",
            "integrity": "sha512-G7TXt4IRP7NTQO8R8QyDN7YwkQzlxjiKhA+z7W5FvkGbK7kIdOUtW2e7AE2w33Q10uphyG+vr8pfRy7wBWLmsA==",
            "dev": true,
            "requires": {
                "@types/node": "10.3.0",
                "@types/tapable": "1.0.2",
                "@types/uglify-js": "3.0.2",
                "source-map": "0.6.1"
            }
        },
        "@types/webpack-sources": {
            "version": "0.1.4",
            "resolved": "https://registry.npmjs.org/@types/webpack-sources/-/webpack-sources-0.1.4.tgz",
            "integrity": "sha512-IMdz6ipvym7Vag2a1pkfGqONZDE84+RRqeAZxGEFvBq2el82ymla4qvUVQt6+Kj+3OLRDeHnc2jCiSYAlPnHCw==",
            "dev": true,
            "requires": {
                "@types/node": "10.3.0",
                "@types/source-list-map": "0.1.2",
                "source-map": "0.6.1"
            }
        },
        "eol": {
            "version": "0.9.1",
            "resolved": "https://registry.npmjs.org/eol/-/eol-0.9.1.tgz",
            "integrity": "sha512-Ds/TEoZjwggRoz/Q2O7SE3i4Jm66mqTDfmdHdq/7DKVk3bro9Q8h6WdXKdPqFLMoqxrDK5SVRzHVPOS6uuGtrg=="
        },
        "source-list-map": {
            "version": "2.0.0",
            "resolved": "https://registry.npmjs.org/source-list-map/-/source-list-map-2.0.0.tgz",
            "integrity": "sha512-I2UmuJSRr/T8jisiROLU3A3ltr+swpniSmNPI4Ml3ZCX6tVnDsuZzK7F2hl5jTqbZBWCEKlj5HRQiPExXLgE8A=="
        },
        "source-map": {
            "version": "0.6.1",
            "resolved": "https://registry.npmjs.org/source-map/-/source-map-0.6.1.tgz",
            "integrity": "sha512-UjgapumWlbMhkBgzT7Ykc5YXUT46F0iKu8SGXq0bcwP5dz/h0Plj6enJqjz1Zbq2l5WaqYnrVbwWOWMyF3F47g=="
        },
        "typescript": {
            "version": "2.9.1",
            "resolved": "https://registry.npmjs.org/typescript/-/typescript-2.9.1.tgz",
            "integrity": "sha512-h6pM2f/GDchCFlldnriOhs1QHuwbnmj6/v7499eMHqPeW4V2G0elua2eIc2nu8v2NdHV0Gm+tzX83Hr6nUFjQA==",
            "dev": true
        },
        "webpack-sources": {
            "version": "1.1.0",
            "resolved": "https://registry.npmjs.org/webpack-sources/-/webpack-sources-1.1.0.tgz",
            "integrity": "sha512-aqYp18kPphgoO5c/+NaUvEeACtZjMESmDChuD3NBciVpah3XpMEU9VAAtIaB1BsfJWWTSdv8Vv1m3T0aRk2dUw==",
            "requires": {
                "source-list-map": "2.0.0",
                "source-map": "0.6.1"
            }
        }
    }
}
