# THIS IS AN AUTOGENERATED FILE. DO NOT EDIT THIS FILE DIRECTLY.
# yarn lockfile v1


"@types/node@*":
  version "10.1.2"
  resolved "https://registry.yarnpkg.com/@types/node/-/node-10.1.2.tgz#1b928a0baa408fc8ae3ac012cc81375addc147c6"

"@types/source-list-map@*":
  version "0.1.2"
  resolved "https://registry.yarnpkg.com/@types/source-list-map/-/source-list-map-0.1.2.tgz#0078836063ffaf17412349bba364087e0ac02ec9"

"@types/tapable@*":
  version "1.0.2"
  resolved "https://registry.yarnpkg.com/@types/tapable/-/tapable-1.0.2.tgz#e13182e1b69871a422d7863e11a4a6f5b814a4bd"

"@types/uglify-js@*":
  version "3.0.2"
  resolved "https://registry.yarnpkg.com/@types/uglify-js/-/uglify-js-3.0.2.tgz#f30c75458d18e8ee885c792c04adcb78a13bc286"
  dependencies:
    source-map "^0.6.1"

"@types/webpack-sources@^0.1.4":
  version "0.1.4"
  resolved "https://registry.yarnpkg.com/@types/webpack-sources/-/webpack-sources-0.1.4.tgz#a52f1cec41e4d24b3df0bf87e8a538945f6d493f"
  dependencies:
    "@types/node" "*"
    "@types/source-list-map" "*"
    source-map "^0.6.1"

"@types/webpack@^4.4.0":
  version "4.4.0"
  resolved "https://registry.yarnpkg.com/@types/webpack/-/webpack-4.4.0.tgz#c0551b772be241d786c0548812dd75a932f8efb4"
  dependencies:
    "@types/node" "*"
    "@types/tapable" "*"
    "@types/uglify-js" "*"
    source-map "^0.6.0"

eol@^0.9.1:
  version "0.9.1"
  resolved "https://registry.yarnpkg.com/eol/-/eol-0.9.1.tgz#f701912f504074be35c6117a5c4ade49cd547acd"

source-list-map@^2.0.0:
  version "2.0.0"
  resolved "https://registry.yarnpkg.com/source-list-map/-/source-list-map-2.0.0.tgz#aaa47403f7b245a92fbc97ea08f250d6087ed085"

source-map@^0.6.0, source-map@^0.6.1, source-map@~0.6.1:
  version "0.6.1"
  resolved "https://registry.yarnpkg.com/source-map/-/source-map-0.6.1.tgz#74722af32e9614e9c287a8d0bbde48b5e2f1a263"

typescript@^2.8.3:
  version "2.8.3"
  resolved "https://registry.yarnpkg.com/typescript/-/typescript-2.8.3.tgz#5d817f9b6f31bb871835f4edf0089f21abe6c170"

webpack-sources@^1.1.0:
  version "1.1.0"
  resolved "https://registry.yarnpkg.com/webpack-sources/-/webpack-sources-1.1.0.tgz#a101ebae59d6507354d71d8013950a3a8b7a5a54"
  dependencies:
    source-list-map "^2.0.0"
    source-map "~0.6.1"
